// !$*UTF8*$!
{
	archiveVersion = 1;
	classes = {
	};
	objectVersion = 46;
	objects = {

/* Begin PBXBuildFile section */
		1517206994B64C0F6BC6DC47 /* libPods-CCAnimation.a in Frameworks */ = {isa = PBXBuildFile; fileRef = C2D3666D772FE3778EF4F9E6 /* libPods-CCAnimation.a */; };
		18F21872E87B742A96A2D85B /* libPods-CCAnimationTests.a in Frameworks */ = {isa = PBXBuildFile; fileRef = D5B5D0D1464AD3E8E92CD74B /* libPods-CCAnimationTests.a */; };
		2CA707E7629329C58AC340BE /* libPods-CCAnimationUITests.a in Frameworks */ = {isa = PBXBuildFile; fileRef = A831102A481CCE79924D27DF /* libPods-CCAnimationUITests.a */; };
		A5027D2E1CC7591400C54EDE /* main.m in Sources */ = {isa = PBXBuildFile; fileRef = A5027D2D1CC7591400C54EDE /* main.m */; };
		A5027D391CC7591400C54EDE /* Assets.xcassets in Resources */ = {isa = PBXBuildFile; fileRef = A5027D381CC7591400C54EDE /* Assets.xcassets */; };
		A5027D3C1CC7591400C54EDE /* LaunchScreen.storyboard in Resources */ = {isa = PBXBuildFile; fileRef = A5027D3A1CC7591400C54EDE /* LaunchScreen.storyboard */; };
		A5027D471CC7591400C54EDE /* CCAnimationTests.m in Sources */ = {isa = PBXBuildFile; fileRef = A5027D461CC7591400C54EDE /* CCAnimationTests.m */; };
		A5027D521CC7591400C54EDE /* CCAnimationUITests.m in Sources */ = {isa = PBXBuildFile; fileRef = A5027D511CC7591400C54EDE /* CCAnimationUITests.m */; };
		A511E2B21DACE33500C6F020 /* FTT_Roundview.m in Sources */ = {isa = PBXBuildFile; fileRef = A511E2AF1DACE33500C6F020 /* FTT_Roundview.m */; };
		A511E2B31DACE33500C6F020 /* KTOneFingerRotationGestureRecognizer.m in Sources */ = {isa = PBXBuildFile; fileRef = A511E2B11DACE33500C6F020 /* KTOneFingerRotationGestureRecognizer.m */; };
		A511E2B91DACE40300C6F020 /* RotateAnimationVC.m in Sources */ = {isa = PBXBuildFile; fileRef = A511E2B81DACE40200C6F020 /* RotateAnimationVC.m */; };
		A511E2BC1DACE46900C6F020 /* BtnModel.m in Sources */ = {isa = PBXBuildFile; fileRef = A511E2BB1DACE46900C6F020 /* BtnModel.m */; };
		A511E2BF1DACE61800C6F020 /* BaseViewController.m in Sources */ = {isa = PBXBuildFile; fileRef = A511E2BE1DACE61800C6F020 /* BaseViewController.m */; };
		A511E2C11DACE79A00C6F020 /* BtnList.plist in Resources */ = {isa = PBXBuildFile; fileRef = A511E2C01DACE79A00C6F020 /* BtnList.plist */; };
		A58900B31DAB9BB000409565 /* 点赞效果图.PNG in Resources */ = {isa = PBXBuildFile; fileRef = A58900B21DAB9BB000409565 /* 点赞效果图.PNG */; };
		A5923BD21DAB8FEF0019AC45 /* 咻一咻效果图.gif in Resources */ = {isa = PBXBuildFile; fileRef = A5923BD01DAB8FEF0019AC45 /* 咻一咻效果图.gif */; };
		A5923BD31DAB8FEF0019AC45 /* 摇奖效果图.gif in Resources */ = {isa = PBXBuildFile; fileRef = A5923BD11DAB8FEF0019AC45 /* 摇奖效果图.gif */; };
		A59A72491DAC88320080FBD6 /* TabBarController.m in Sources */ = {isa = PBXBuildFile; fileRef = A59A72481DAC88320080FBD6 /* TabBarController.m */; };
		A59A724C1DAC8A850080FBD6 /* FirstViewController.m in Sources */ = {isa = PBXBuildFile; fileRef = A59A724B1DAC8A850080FBD6 /* FirstViewController.m */; };
		A59A724F1DAC8A910080FBD6 /* SecondViewController.m in Sources */ = {isa = PBXBuildFile; fileRef = A59A724E1DAC8A910080FBD6 /* SecondViewController.m */; };
		A59A72521DAC8AA40080FBD6 /* ThreeViewController.m in Sources */ = {isa = PBXBuildFile; fileRef = A59A72511DAC8AA40080FBD6 /* ThreeViewController.m */; };
		A59A72551DAC8AAE0080FBD6 /* FourViewController.m in Sources */ = {isa = PBXBuildFile; fileRef = A59A72541DAC8AAE0080FBD6 /* FourViewController.m */; };
		A5A4639A1DAE227F008AA93B /* CheckViewController.m in Sources */ = {isa = PBXBuildFile; fileRef = A5A463981DAE227F008AA93B /* CheckViewController.m */; };
		A5A4639B1DAE227F008AA93B /* CheckViewController.xib in Resources */ = {isa = PBXBuildFile; fileRef = A5A463991DAE227F008AA93B /* CheckViewController.xib */; };
		A5A4639E1DAE2495008AA93B /* CommonTool.m in Sources */ = {isa = PBXBuildFile; fileRef = A5A4639D1DAE2495008AA93B /* CommonTool.m */; };
		A5A463A01DAE27D7008AA93B /* 签到金币音效.mp3 in Resources */ = {isa = PBXBuildFile; fileRef = A5A4639F1DAE27D7008AA93B /* 签到金币音效.mp3 */; };
		A5E781711DACC34D0078C8F4 /* UIBarButtonItem+Category.m in Sources */ = {isa = PBXBuildFile; fileRef = A5E781701DACC34D0078C8F4 /* UIBarButtonItem+Category.m */; };
		BDA3D5E01DAA83B3007BC7C3 /* RootViewController.m in Sources */ = {isa = PBXBuildFile; fileRef = BDA3D5DF1DAA83B3007BC7C3 /* RootViewController.m */; };
		BDA3D5E71DAA83BF007BC7C3 /* MainViewCell.m in Sources */ = {isa = PBXBuildFile; fileRef = BDA3D5E31DAA83BF007BC7C3 /* MainViewCell.m */; };
		BDA3D5E81DAA83BF007BC7C3 /* MainViewCell.xib in Resources */ = {isa = PBXBuildFile; fileRef = BDA3D5E41DAA83BF007BC7C3 /* MainViewCell.xib */; };
		BDA3D5E91DAA83BF007BC7C3 /* MainViewController.m in Sources */ = {isa = PBXBuildFile; fileRef = BDA3D5E61DAA83BF007BC7C3 /* MainViewController.m */; };
		BDA3D5ED1DAA83CA007BC7C3 /* XYXViewController.m in Sources */ = {isa = PBXBuildFile; fileRef = BDA3D5EC1DAA83CA007BC7C3 /* XYXViewController.m */; };
		BDA3D5F11DAA83D3007BC7C3 /* LotteryViewController.m in Sources */ = {isa = PBXBuildFile; fileRef = BDA3D5F01DAA83D3007BC7C3 /* LotteryViewController.m */; };
		BDA3D5FF1DAA8434007BC7C3 /* AppDelegate.m in Sources */ = {isa = PBXBuildFile; fileRef = BDA3D5FE1DAA8434007BC7C3 /* AppDelegate.m */; };
/* End PBXBuildFile section */

/* Begin PBXContainerItemProxy section */
		A5027D431CC7591400C54EDE /* PBXContainerItemProxy */ = {
			isa = PBXContainerItemProxy;
			containerPortal = A5027D211CC7591400C54EDE /* Project object */;
			proxyType = 1;
			remoteGlobalIDString = A5027D281CC7591400C54EDE;
			remoteInfo = CCAnimation;
		};
		A5027D4E1CC7591400C54EDE /* PBXContainerItemProxy */ = {
			isa = PBXContainerItemProxy;
			containerPortal = A5027D211CC7591400C54EDE /* Project object */;
			proxyType = 1;
			remoteGlobalIDString = A5027D281CC7591400C54EDE;
			remoteInfo = CCAnimation;
		};
/* End PBXContainerItemProxy section */

/* Begin PBXFileReference section */
		2C5A853CBEB747BD473C9514 /* Pods-CCAnimation.release.xcconfig */ = {isa = PBXFileReference; includeInIndex = 1; lastKnownFileType = text.xcconfig; name = "Pods-CCAnimation.release.xcconfig"; path = "Pods/Target Support Files/Pods-CCAnimation/Pods-CCAnimation.release.xcconfig"; sourceTree = "<group>"; };
		335D53FDAA4FC42D8DD806A2 /* Pods-CCAnimationUITests.release.xcconfig */ = {isa = PBXFileReference; includeInIndex = 1; lastKnownFileType = text.xcconfig; name = "Pods-CCAnimationUITests.release.xcconfig"; path = "Pods/Target Support Files/Pods-CCAnimationUITests/Pods-CCAnimationUITests.release.xcconfig"; sourceTree = "<group>"; };
		50C316235442626424DC0530 /* Pods-CCAnimationTests.debug.xcconfig */ = {isa = PBXFileReference; includeInIndex = 1; lastKnownFileType = text.xcconfig; name = "Pods-CCAnimationTests.debug.xcconfig"; path = "Pods/Target Support Files/Pods-CCAnimationTests/Pods-CCAnimationTests.debug.xcconfig"; sourceTree = "<group>"; };
		76E513E0C9CE7A17F239257F /* Pods-CCAnimation.debug.xcconfig */ = {isa = PBXFileReference; includeInIndex = 1; lastKnownFileType = text.xcconfig; name = "Pods-CCAnimation.debug.xcconfig"; path = "Pods/Target Support Files/Pods-CCAnimation/Pods-CCAnimation.debug.xcconfig"; sourceTree = "<group>"; };
		A5027D291CC7591400C54EDE /* CCAnimation.app */ = {isa = PBXFileReference; explicitFileType = wrapper.application; includeInIndex = 0; path = CCAnimation.app; sourceTree = BUILT_PRODUCTS_DIR; };
		A5027D2D1CC7591400C54EDE /* main.m */ = {isa = PBXFileReference; lastKnownFileType = sourcecode.c.objc; path = main.m; sourceTree = "<group>"; };
		A5027D381CC7591400C54EDE /* Assets.xcassets */ = {isa = PBXFileReference; lastKnownFileType = folder.assetcatalog; path = Assets.xcassets; sourceTree = "<group>"; };
		A5027D3B1CC7591400C54EDE /* Base */ = {isa = PBXFileReference; lastKnownFileType = file.storyboard; name = Base; path = Base.lproj/LaunchScreen.storyboard; sourceTree = "<group>"; };
		A5027D3D1CC7591400C54EDE /* Info.plist */ = {isa = PBXFileReference; lastKnownFileType = text.plist.xml; path = Info.plist; sourceTree = "<group>"; };
		A5027D421CC7591400C54EDE /* CCAnimationTests.xctest */ = {isa = PBXFileReference; explicitFileType = wrapper.cfbundle; includeInIndex = 0; path = CCAnimationTests.xctest; sourceTree = BUILT_PRODUCTS_DIR; };
		A5027D461CC7591400C54EDE /* CCAnimationTests.m */ = {isa = PBXFileReference; lastKnownFileType = sourcecode.c.objc; path = CCAnimationTests.m; sourceTree = "<group>"; };
		A5027D481CC7591400C54EDE /* Info.plist */ = {isa = PBXFileReference; lastKnownFileType = text.plist.xml; path = Info.plist; sourceTree = "<group>"; };
		A5027D4D1CC7591400C54EDE /* CCAnimationUITests.xctest */ = {isa = PBXFileReference; explicitFileType = wrapper.cfbundle; includeInIndex = 0; path = CCAnimationUITests.xctest; sourceTree = BUILT_PRODUCTS_DIR; };
		A5027D511CC7591400C54EDE /* CCAnimationUITests.m */ = {isa = PBXFileReference; lastKnownFileType = sourcecode.c.objc; path = CCAnimationUITests.m; sourceTree = "<group>"; };
		A5027D531CC7591400C54EDE /* Info.plist */ = {isa = PBXFileReference; lastKnownFileType = text.plist.xml; path = Info.plist; sourceTree = "<group>"; };
		A511E2AE1DACE33500C6F020 /* FTT_Roundview.h */ = {isa = PBXFileReference; fileEncoding = 4; lastKnownFileType = sourcecode.c.h; path = FTT_Roundview.h; sourceTree = "<group>"; };
		A511E2AF1DACE33500C6F020 /* FTT_Roundview.m */ = {isa = PBXFileReference; fileEncoding = 4; lastKnownFileType = sourcecode.c.objc; path = FTT_Roundview.m; sourceTree = "<group>"; };
		A511E2B01DACE33500C6F020 /* KTOneFingerRotationGestureRecognizer.h */ = {isa = PBXFileReference; fileEncoding = 4; lastKnownFileType = sourcecode.c.h; path = KTOneFingerRotationGestureRecognizer.h; sourceTree = "<group>"; };
		A511E2B11DACE33500C6F020 /* KTOneFingerRotationGestureRecognizer.m */ = {isa = PBXFileReference; fileEncoding = 4; lastKnownFileType = sourcecode.c.objc; path = KTOneFingerRotationGestureRecognizer.m; sourceTree = "<group>"; };
		A511E2B71DACE40200C6F020 /* RotateAnimationVC.h */ = {isa = PBXFileReference; fileEncoding = 4; lastKnownFileType = sourcecode.c.h; path = RotateAnimationVC.h; sourceTree = "<group>"; };
		A511E2B81DACE40200C6F020 /* RotateAnimationVC.m */ = {isa = PBXFileReference; fileEncoding = 4; lastKnownFileType = sourcecode.c.objc; path = RotateAnimationVC.m; sourceTree = "<group>"; };
		A511E2BA1DACE46900C6F020 /* BtnModel.h */ = {isa = PBXFileReference; fileEncoding = 4; lastKnownFileType = sourcecode.c.h; path = BtnModel.h; sourceTree = "<group>"; };
		A511E2BB1DACE46900C6F020 /* BtnModel.m */ = {isa = PBXFileReference; fileEncoding = 4; lastKnownFileType = sourcecode.c.objc; path = BtnModel.m; sourceTree = "<group>"; };
		A511E2BD1DACE61800C6F020 /* BaseViewController.h */ = {isa = PBXFileReference; fileEncoding = 4; lastKnownFileType = sourcecode.c.h; path = BaseViewController.h; sourceTree = "<group>"; };
		A511E2BE1DACE61800C6F020 /* BaseViewController.m */ = {isa = PBXFileReference; fileEncoding = 4; lastKnownFileType = sourcecode.c.objc; path = BaseViewController.m; sourceTree = "<group>"; };
		A511E2C01DACE79A00C6F020 /* BtnList.plist */ = {isa = PBXFileReference; fileEncoding = 4; lastKnownFileType = text.plist.xml; path = BtnList.plist; sourceTree = "<group>"; };
		A58900B21DAB9BB000409565 /* 点赞效果图.PNG */ = {isa = PBXFileReference; lastKnownFileType = image.png; path = "点赞效果图.PNG"; sourceTree = "<group>"; };
		A5923BD01DAB8FEF0019AC45 /* 咻一咻效果图.gif */ = {isa = PBXFileReference; lastKnownFileType = image.gif; path = "咻一咻效果图.gif"; sourceTree = "<group>"; };
		A5923BD11DAB8FEF0019AC45 /* 摇奖效果图.gif */ = {isa = PBXFileReference; lastKnownFileType = image.gif; path = "摇奖效果图.gif"; sourceTree = "<group>"; };
		A59A72471DAC88320080FBD6 /* TabBarController.h */ = {isa = PBXFileReference; fileEncoding = 4; lastKnownFileType = sourcecode.c.h; path = TabBarController.h; sourceTree = "<group>"; };
		A59A72481DAC88320080FBD6 /* TabBarController.m */ = {isa = PBXFileReference; fileEncoding = 4; lastKnownFileType = sourcecode.c.objc; path = TabBarController.m; sourceTree = "<group>"; };
		A59A724A1DAC8A850080FBD6 /* FirstViewController.h */ = {isa = PBXFileReference; fileEncoding = 4; lastKnownFileType = sourcecode.c.h; path = FirstViewController.h; sourceTree = "<group>"; };
		A59A724B1DAC8A850080FBD6 /* FirstViewController.m */ = {isa = PBXFileReference; fileEncoding = 4; lastKnownFileType = sourcecode.c.objc; path = FirstViewController.m; sourceTree = "<group>"; };
		A59A724D1DAC8A910080FBD6 /* SecondViewController.h */ = {isa = PBXFileReference; fileEncoding = 4; lastKnownFileType = sourcecode.c.h; path = SecondViewController.h; sourceTree = "<group>"; };
		A59A724E1DAC8A910080FBD6 /* SecondViewController.m */ = {isa = PBXFileReference; fileEncoding = 4; lastKnownFileType = sourcecode.c.objc; path = SecondViewController.m; sourceTree = "<group>"; };
		A59A72501DAC8AA40080FBD6 /* ThreeViewController.h */ = {isa = PBXFileReference; fileEncoding = 4; lastKnownFileType = sourcecode.c.h; path = ThreeViewController.h; sourceTree = "<group>"; };
		A59A72511DAC8AA40080FBD6 /* ThreeViewController.m */ = {isa = PBXFileReference; fileEncoding = 4; lastKnownFileType = sourcecode.c.objc; path = ThreeViewController.m; sourceTree = "<group>"; };
		A59A72531DAC8AAE0080FBD6 /* FourViewController.h */ = {isa = PBXFileReference; fileEncoding = 4; lastKnownFileType = sourcecode.c.h; path = FourViewController.h; sourceTree = "<group>"; };
		A59A72541DAC8AAE0080FBD6 /* FourViewController.m */ = {isa = PBXFileReference; fileEncoding = 4; lastKnownFileType = sourcecode.c.objc; path = FourViewController.m; sourceTree = "<group>"; };
		A59A725D1DAC8D540080FBD6 /* PrefixHeader.pch */ = {isa = PBXFileReference; lastKnownFileType = sourcecode.c.h; path = PrefixHeader.pch; sourceTree = "<group>"; };
		A5A463971DAE227F008AA93B /* CheckViewController.h */ = {isa = PBXFileReference; fileEncoding = 4; lastKnownFileType = sourcecode.c.h; path = CheckViewController.h; sourceTree = "<group>"; };
		A5A463981DAE227F008AA93B /* CheckViewController.m */ = {isa = PBXFileReference; fileEncoding = 4; lastKnownFileType = sourcecode.c.objc; path = CheckViewController.m; sourceTree = "<group>"; };
		A5A463991DAE227F008AA93B /* CheckViewController.xib */ = {isa = PBXFileReference; fileEncoding = 4; lastKnownFileType = file.xib; path = CheckViewController.xib; sourceTree = "<group>"; };
		A5A4639C1DAE2495008AA93B /* CommonTool.h */ = {isa = PBXFileReference; fileEncoding = 4; lastKnownFileType = sourcecode.c.h; path = CommonTool.h; sourceTree = "<group>"; };
		A5A4639D1DAE2495008AA93B /* CommonTool.m */ = {isa = PBXFileReference; fileEncoding = 4; lastKnownFileType = sourcecode.c.objc; path = CommonTool.m; sourceTree = "<group>"; };
		A5A4639F1DAE27D7008AA93B /* 签到金币音效.mp3 */ = {isa = PBXFileReference; lastKnownFileType = audio.mp3; path = "签到金币音效.mp3"; sourceTree = "<group>"; };
		A5E7816F1DACC34D0078C8F4 /* UIBarButtonItem+Category.h */ = {isa = PBXFileReference; fileEncoding = 4; lastKnownFileType = sourcecode.c.h; path = "UIBarButtonItem+Category.h"; sourceTree = "<group>"; };
		A5E781701DACC34D0078C8F4 /* UIBarButtonItem+Category.m */ = {isa = PBXFileReference; fileEncoding = 4; lastKnownFileType = sourcecode.c.objc; path = "UIBarButtonItem+Category.m"; sourceTree = "<group>"; };
		A5E781721DACC9A70078C8F4 /* Config.h */ = {isa = PBXFileReference; lastKnownFileType = sourcecode.c.h; path = Config.h; sourceTree = "<group>"; };
		A831102A481CCE79924D27DF /* libPods-CCAnimationUITests.a */ = {isa = PBXFileReference; explicitFileType = archive.ar; includeInIndex = 0; path = "libPods-CCAnimationUITests.a"; sourceTree = BUILT_PRODUCTS_DIR; };
		B8BE65A6394791B0003811C9 /* Pods-CCAnimationTests.release.xcconfig */ = {isa = PBXFileReference; includeInIndex = 1; lastKnownFileType = text.xcconfig; name = "Pods-CCAnimationTests.release.xcconfig"; path = "Pods/Target Support Files/Pods-CCAnimationTests/Pods-CCAnimationTests.release.xcconfig"; sourceTree = "<group>"; };
		BDA3D5DE1DAA83B3007BC7C3 /* RootViewController.h */ = {isa = PBXFileReference; fileEncoding = 4; lastKnownFileType = sourcecode.c.h; path = RootViewController.h; sourceTree = "<group>"; };
		BDA3D5DF1DAA83B3007BC7C3 /* RootViewController.m */ = {isa = PBXFileReference; fileEncoding = 4; lastKnownFileType = sourcecode.c.objc; path = RootViewController.m; sourceTree = "<group>"; };
		BDA3D5E21DAA83BF007BC7C3 /* MainViewCell.h */ = {isa = PBXFileReference; fileEncoding = 4; lastKnownFileType = sourcecode.c.h; path = MainViewCell.h; sourceTree = "<group>"; };
		BDA3D5E31DAA83BF007BC7C3 /* MainViewCell.m */ = {isa = PBXFileReference; fileEncoding = 4; lastKnownFileType = sourcecode.c.objc; path = MainViewCell.m; sourceTree = "<group>"; };
		BDA3D5E41DAA83BF007BC7C3 /* MainViewCell.xib */ = {isa = PBXFileReference; fileEncoding = 4; lastKnownFileType = file.xib; path = MainViewCell.xib; sourceTree = "<group>"; };
		BDA3D5E51DAA83BF007BC7C3 /* MainViewController.h */ = {isa = PBXFileReference; fileEncoding = 4; lastKnownFileType = sourcecode.c.h; path = MainViewController.h; sourceTree = "<group>"; };
		BDA3D5E61DAA83BF007BC7C3 /* MainViewController.m */ = {isa = PBXFileReference; fileEncoding = 4; lastKnownFileType = sourcecode.c.objc; path = MainViewController.m; sourceTree = "<group>"; };
		BDA3D5EB1DAA83CA007BC7C3 /* XYXViewController.h */ = {isa = PBXFileReference; fileEncoding = 4; lastKnownFileType = sourcecode.c.h; path = XYXViewController.h; sourceTree = "<group>"; };
		BDA3D5EC1DAA83CA007BC7C3 /* XYXViewController.m */ = {isa = PBXFileReference; fileEncoding = 4; lastKnownFileType = sourcecode.c.objc; path = XYXViewController.m; sourceTree = "<group>"; };
		BDA3D5EF1DAA83D3007BC7C3 /* LotteryViewController.h */ = {isa = PBXFileReference; fileEncoding = 4; lastKnownFileType = sourcecode.c.h; path = LotteryViewController.h; sourceTree = "<group>"; };
		BDA3D5F01DAA83D3007BC7C3 /* LotteryViewController.m */ = {isa = PBXFileReference; fileEncoding = 4; lastKnownFileType = sourcecode.c.objc; path = LotteryViewController.m; sourceTree = "<group>"; };
		BDA3D5FD1DAA8434007BC7C3 /* AppDelegate.h */ = {isa = PBXFileReference; fileEncoding = 4; lastKnownFileType = sourcecode.c.h; path = AppDelegate.h; sourceTree = "<group>"; };
		BDA3D5FE1DAA8434007BC7C3 /* AppDelegate.m */ = {isa = PBXFileReference; fileEncoding = 4; lastKnownFileType = sourcecode.c.objc; path = AppDelegate.m; sourceTree = "<group>"; };
		C2D3666D772FE3778EF4F9E6 /* libPods-CCAnimation.a */ = {isa = PBXFileReference; explicitFileType = archive.ar; includeInIndex = 0; path = "libPods-CCAnimation.a"; sourceTree = BUILT_PRODUCTS_DIR; };
		D5B5D0D1464AD3E8E92CD74B /* libPods-CCAnimationTests.a */ = {isa = PBXFileReference; explicitFileType = archive.ar; includeInIndex = 0; path = "libPods-CCAnimationTests.a"; sourceTree = BUILT_PRODUCTS_DIR; };
		E5DDF49B5E0DD569E6F978E0 /* Pods-CCAnimationUITests.debug.xcconfig */ = {isa = PBXFileReference; includeInIndex = 1; lastKnownFileType = text.xcconfig; name = "Pods-CCAnimationUITests.debug.xcconfig"; path = "Pods/Target Support Files/Pods-CCAnimationUITests/Pods-CCAnimationUITests.debug.xcconfig"; sourceTree = "<group>"; };
/* End PBXFileReference section */

/* Begin PBXFrameworksBuildPhase section */
		A5027D261CC7591400C54EDE /* Frameworks */ = {
			isa = PBXFrameworksBuildPhase;
			buildActionMask = 2147483647;
			files = (
				1517206994B64C0F6BC6DC47 /* libPods-CCAnimation.a in Frameworks */,
			);
			runOnlyForDeploymentPostprocessing = 0;
		};
		A5027D3F1CC7591400C54EDE /* Frameworks */ = {
			isa = PBXFrameworksBuildPhase;
			buildActionMask = 2147483647;
			files = (
				18F21872E87B742A96A2D85B /* libPods-CCAnimationTests.a in Frameworks */,
			);
			runOnlyForDeploymentPostprocessing = 0;
		};
		A5027D4A1CC7591400C54EDE /* Frameworks */ = {
			isa = PBXFrameworksBuildPhase;
			buildActionMask = 2147483647;
			files = (
				2CA707E7629329C58AC340BE /* libPods-CCAnimationUITests.a in Frameworks */,
			);
			runOnlyForDeploymentPostprocessing = 0;
		};
/* End PBXFrameworksBuildPhase section */

/* Begin PBXGroup section */
		23078654C5087CBCAF6032F6 /* Pods */ = {
			isa = PBXGroup;
			children = (
				76E513E0C9CE7A17F239257F /* Pods-CCAnimation.debug.xcconfig */,
				2C5A853CBEB747BD473C9514 /* Pods-CCAnimation.release.xcconfig */,
				50C316235442626424DC0530 /* Pods-CCAnimationTests.debug.xcconfig */,
				B8BE65A6394791B0003811C9 /* Pods-CCAnimationTests.release.xcconfig */,
				E5DDF49B5E0DD569E6F978E0 /* Pods-CCAnimationUITests.debug.xcconfig */,
				335D53FDAA4FC42D8DD806A2 /* Pods-CCAnimationUITests.release.xcconfig */,
			);
			name = Pods;
			sourceTree = "<group>";
		};
		7154BB8BB9EF8A9C98662CAC /* Frameworks */ = {
			isa = PBXGroup;
			children = (
				C2D3666D772FE3778EF4F9E6 /* libPods-CCAnimation.a */,
				D5B5D0D1464AD3E8E92CD74B /* libPods-CCAnimationTests.a */,
				A831102A481CCE79924D27DF /* libPods-CCAnimationUITests.a */,
			);
			name = Frameworks;
			sourceTree = "<group>";
		};
		A5027D201CC7591400C54EDE = {
			isa = PBXGroup;
			children = (
				A5027D2B1CC7591400C54EDE /* CCAnimation */,
				A5027D451CC7591400C54EDE /* CCAnimationTests */,
				A5027D501CC7591400C54EDE /* CCAnimationUITests */,
				A5027D2A1CC7591400C54EDE /* Products */,
				23078654C5087CBCAF6032F6 /* Pods */,
				7154BB8BB9EF8A9C98662CAC /* Frameworks */,
			);
			sourceTree = "<group>";
		};
		A5027D2A1CC7591400C54EDE /* Products */ = {
			isa = PBXGroup;
			children = (
				A5027D291CC7591400C54EDE /* CCAnimation.app */,
				A5027D421CC7591400C54EDE /* CCAnimationTests.xctest */,
				A5027D4D1CC7591400C54EDE /* CCAnimationUITests.xctest */,
			);
			name = Products;
			sourceTree = "<group>";
		};
		A5027D2B1CC7591400C54EDE /* CCAnimation */ = {
			isa = PBXGroup;
			children = (
				BDA3D5FC1DAA8434007BC7C3 /* AppDelegate */,
				BDA3D5DD1DAA83B3007BC7C3 /* common */,
				A59A72561DAC8B6C0080FBD6 /* Category */,
				BDA3D5E11DAA83BF007BC7C3 /* 主页 */,
				BDA3D5EA1DAA83CA007BC7C3 /* 咻一咻 */,
				BDA3D5EE1DAA83D3007BC7C3 /* 摇奖 */,
				A59A72461DAC87F70080FBD6 /* tabBar点击动画 */,
				A511E2AC1DACE33500C6F020 /* 旋转小动画 */,
				A5A463961DAE2267008AA93B /* 签到 */,
				A5027D381CC7591400C54EDE /* Assets.xcassets */,
				A5027D3A1CC7591400C54EDE /* LaunchScreen.storyboard */,
				A5027D3D1CC7591400C54EDE /* Info.plist */,
				A5923BCF1DAB8FEF0019AC45 /* Resource */,
				A5027D2C1CC7591400C54EDE /* Supporting Files */,
				A5E781721DACC9A70078C8F4 /* Config.h */,
				A59A725D1DAC8D540080FBD6 /* PrefixHeader.pch */,
			);
			path = CCAnimation;
			sourceTree = "<group>";
		};
		A5027D2C1CC7591400C54EDE /* Supporting Files */ = {
			isa = PBXGroup;
			children = (
				A5027D2D1CC7591400C54EDE /* main.m */,
			);
			name = "Supporting Files";
			sourceTree = "<group>";
		};
		A5027D451CC7591400C54EDE /* CCAnimationTests */ = {
			isa = PBXGroup;
			children = (
				A5027D461CC7591400C54EDE /* CCAnimationTests.m */,
				A5027D481CC7591400C54EDE /* Info.plist */,
			);
			path = CCAnimationTests;
			sourceTree = "<group>";
		};
		A5027D501CC7591400C54EDE /* CCAnimationUITests */ = {
			isa = PBXGroup;
			children = (
				A5027D511CC7591400C54EDE /* CCAnimationUITests.m */,
				A5027D531CC7591400C54EDE /* Info.plist */,
			);
			path = CCAnimationUITests;
			sourceTree = "<group>";
		};
		A511E2AC1DACE33500C6F020 /* 旋转小动画 */ = {
			isa = PBXGroup;
			children = (
				A511E2AD1DACE33500C6F020 /* FTT_RoundView */,
				A511E2B71DACE40200C6F020 /* RotateAnimationVC.h */,
				A511E2B81DACE40200C6F020 /* RotateAnimationVC.m */,
				A511E2BD1DACE61800C6F020 /* BaseViewController.h */,
				A511E2BE1DACE61800C6F020 /* BaseViewController.m */,
				A511E2BA1DACE46900C6F020 /* BtnModel.h */,
				A511E2BB1DACE46900C6F020 /* BtnModel.m */,
				A511E2C01DACE79A00C6F020 /* BtnList.plist */,
			);
			name = "旋转小动画";
			path = "CCAnimation/旋转小动画";
			sourceTree = SOURCE_ROOT;
		};
		A511E2AD1DACE33500C6F020 /* FTT_RoundView */ = {
			isa = PBXGroup;
			children = (
				A511E2AE1DACE33500C6F020 /* FTT_Roundview.h */,
				A511E2AF1DACE33500C6F020 /* FTT_Roundview.m */,
				A511E2B01DACE33500C6F020 /* KTOneFingerRotationGestureRecognizer.h */,
				A511E2B11DACE33500C6F020 /* KTOneFingerRotationGestureRecognizer.m */,
			);
			path = FTT_RoundView;
			sourceTree = "<group>";
		};
		A5923BCF1DAB8FEF0019AC45 /* Resource */ = {
			isa = PBXGroup;
			children = (
				A58900B21DAB9BB000409565 /* 点赞效果图.PNG */,
				A5923BD01DAB8FEF0019AC45 /* 咻一咻效果图.gif */,
				A5923BD11DAB8FEF0019AC45 /* 摇奖效果图.gif */,
			);
			path = Resource;
			sourceTree = "<group>";
		};
		A59A72461DAC87F70080FBD6 /* tabBar点击动画 */ = {
			isa = PBXGroup;
			children = (
				A59A72471DAC88320080FBD6 /* TabBarController.h */,
				A59A72481DAC88320080FBD6 /* TabBarController.m */,
				A59A724A1DAC8A850080FBD6 /* FirstViewController.h */,
				A59A724B1DAC8A850080FBD6 /* FirstViewController.m */,
				A59A724D1DAC8A910080FBD6 /* SecondViewController.h */,
				A59A724E1DAC8A910080FBD6 /* SecondViewController.m */,
				A59A72501DAC8AA40080FBD6 /* ThreeViewController.h */,
				A59A72511DAC8AA40080FBD6 /* ThreeViewController.m */,
				A59A72531DAC8AAE0080FBD6 /* FourViewController.h */,
				A59A72541DAC8AAE0080FBD6 /* FourViewController.m */,
			);
			name = "tabBar点击动画";
			path = "CCAnimation/tabBar点击动画";
			sourceTree = SOURCE_ROOT;
		};
		A59A72561DAC8B6C0080FBD6 /* Category */ = {
			isa = PBXGroup;
			children = (
				A5E7816F1DACC34D0078C8F4 /* UIBarButtonItem+Category.h */,
				A5E781701DACC34D0078C8F4 /* UIBarButtonItem+Category.m */,
			);
			path = Category;
			sourceTree = "<group>";
		};
		A5A463961DAE2267008AA93B /* 签到 */ = {
			isa = PBXGroup;
			children = (
				A5A463971DAE227F008AA93B /* CheckViewController.h */,
				A5A463981DAE227F008AA93B /* CheckViewController.m */,
				A5A463991DAE227F008AA93B /* CheckViewController.xib */,
				A5A4639C1DAE2495008AA93B /* CommonTool.h */,
				A5A4639D1DAE2495008AA93B /* CommonTool.m */,
				A5A4639F1DAE27D7008AA93B /* 签到金币音效.mp3 */,
			);
			path = "签到";
			sourceTree = "<group>";
		};
		BDA3D5DD1DAA83B3007BC7C3 /* common */ = {
			isa = PBXGroup;
			children = (
				BDA3D5DE1DAA83B3007BC7C3 /* RootViewController.h */,
				BDA3D5DF1DAA83B3007BC7C3 /* RootViewController.m */,
			);
			path = common;
			sourceTree = "<group>";
		};
		BDA3D5E11DAA83BF007BC7C3 /* 主页 */ = {
			isa = PBXGroup;
			children = (
				BDA3D5E51DAA83BF007BC7C3 /* MainViewController.h */,
				BDA3D5E61DAA83BF007BC7C3 /* MainViewController.m */,
				BDA3D5E21DAA83BF007BC7C3 /* MainViewCell.h */,
				BDA3D5E31DAA83BF007BC7C3 /* MainViewCell.m */,
				BDA3D5E41DAA83BF007BC7C3 /* MainViewCell.xib */,
			);
			path = "主页";
			sourceTree = "<group>";
		};
		BDA3D5EA1DAA83CA007BC7C3 /* 咻一咻 */ = {
			isa = PBXGroup;
			children = (
				BDA3D5EB1DAA83CA007BC7C3 /* XYXViewController.h */,
				BDA3D5EC1DAA83CA007BC7C3 /* XYXViewController.m */,
			);
			path = "咻一咻";
			sourceTree = "<group>";
		};
		BDA3D5EE1DAA83D3007BC7C3 /* 摇奖 */ = {
			isa = PBXGroup;
			children = (
				BDA3D5EF1DAA83D3007BC7C3 /* LotteryViewController.h */,
				BDA3D5F01DAA83D3007BC7C3 /* LotteryViewController.m */,
			);
			path = "摇奖";
			sourceTree = "<group>";
		};
		BDA3D5FC1DAA8434007BC7C3 /* AppDelegate */ = {
			isa = PBXGroup;
			children = (
				BDA3D5FD1DAA8434007BC7C3 /* AppDelegate.h */,
				BDA3D5FE1DAA8434007BC7C3 /* AppDelegate.m */,
			);
			path = AppDelegate;
			sourceTree = "<group>";
		};
/* End PBXGroup section */

/* Begin PBXNativeTarget section */
		A5027D281CC7591400C54EDE /* CCAnimation */ = {
			isa = PBXNativeTarget;
			buildConfigurationList = A5027D561CC7591400C54EDE /* Build configuration list for PBXNativeTarget "CCAnimation" */;
			buildPhases = (
				DFD0AFB5EDF2731F29FE033F /* 📦 Check Pods Manifest.lock */,
				A5027D251CC7591400C54EDE /* Sources */,
				A5027D261CC7591400C54EDE /* Frameworks */,
				A5027D271CC7591400C54EDE /* Resources */,
				99576DFB3C195665C1CBE202 /* 📦 Embed Pods Frameworks */,
				F3FC59DA0C7DF8F5DCBCC970 /* 📦 Copy Pods Resources */,
			);
			buildRules = (
			);
			dependencies = (
			);
			name = CCAnimation;
			productName = CCAnimation;
			productReference = A5027D291CC7591400C54EDE /* CCAnimation.app */;
			productType = "com.apple.product-type.application";
		};
		A5027D411CC7591400C54EDE /* CCAnimationTests */ = {
			isa = PBXNativeTarget;
			buildConfigurationList = A5027D591CC7591400C54EDE /* Build configuration list for PBXNativeTarget "CCAnimationTests" */;
			buildPhases = (
				9A4A7707314B5B81BE971210 /* 📦 Check Pods Manifest.lock */,
				A5027D3E1CC7591400C54EDE /* Sources */,
				A5027D3F1CC7591400C54EDE /* Frameworks */,
				A5027D401CC7591400C54EDE /* Resources */,
				D13202464C52B767BC91E6C8 /* 📦 Embed Pods Frameworks */,
				B5494452C60C022948552B16 /* 📦 Copy Pods Resources */,
			);
			buildRules = (
			);
			dependencies = (
				A5027D441CC7591400C54EDE /* PBXTargetDependency */,
			);
			name = CCAnimationTests;
			productName = CCAnimationTests;
			productReference = A5027D421CC7591400C54EDE /* CCAnimationTests.xctest */;
			productType = "com.apple.product-type.bundle.unit-test";
		};
		A5027D4C1CC7591400C54EDE /* CCAnimationUITests */ = {
			isa = PBXNativeTarget;
			buildConfigurationList = A5027D5C1CC7591400C54EDE /* Build configuration list for PBXNativeTarget "CCAnimationUITests" */;
			buildPhases = (
				FF93B042AD65163F003AE785 /* 📦 Check Pods Manifest.lock */,
				A5027D491CC7591400C54EDE /* Sources */,
				A5027D4A1CC7591400C54EDE /* Frameworks */,
				A5027D4B1CC7591400C54EDE /* Resources */,
				DCD7DC85B1B6DD5960ECFEAB /* 📦 Copy Pods Resources */,
			);
			buildRules = (
			);
			dependencies = (
				A5027D4F1CC7591400C54EDE /* PBXTargetDependency */,
			);
			name = CCAnimationUITests;
			productName = CCAnimationUITests;
			productReference = A5027D4D1CC7591400C54EDE /* CCAnimationUITests.xctest */;
			productType = "com.apple.product-type.bundle.ui-testing";
		};
/* End PBXNativeTarget section */

/* Begin PBXProject section */
		A5027D211CC7591400C54EDE /* Project object */ = {
			isa = PBXProject;
			attributes = {
				LastUpgradeCheck = 0730;
				ORGANIZATIONNAME = ZQC;
				TargetAttributes = {
					A5027D281CC7591400C54EDE = {
						CreatedOnToolsVersion = 7.3;
						DevelopmentTeam = PU39U8DFF5;
						ProvisioningStyle = Manual;
					};
					A5027D411CC7591400C54EDE = {
						CreatedOnToolsVersion = 7.3;
						TestTargetID = A5027D281CC7591400C54EDE;
					};
					A5027D4C1CC7591400C54EDE = {
						CreatedOnToolsVersion = 7.3;
						TestTargetID = A5027D281CC7591400C54EDE;
					};
				};
			};
			buildConfigurationList = A5027D241CC7591400C54EDE /* Build configuration list for PBXProject "CCAnimation" */;
			compatibilityVersion = "Xcode 3.2";
			developmentRegion = English;
			hasScannedForEncodings = 0;
			knownRegions = (
				en,
				Base,
			);
			mainGroup = A5027D201CC7591400C54EDE;
			productRefGroup = A5027D2A1CC7591400C54EDE /* Products */;
			projectDirPath = "";
			projectRoot = "";
			targets = (
				A5027D281CC7591400C54EDE /* CCAnimation */,
				A5027D411CC7591400C54EDE /* CCAnimationTests */,
				A5027D4C1CC7591400C54EDE /* CCAnimationUITests */,
			);
		};
/* End PBXProject section */

/* Begin PBXResourcesBuildPhase section */
		A5027D271CC7591400C54EDE /* Resources */ = {
			isa = PBXResourcesBuildPhase;
			buildActionMask = 2147483647;
			files = (
				A58900B31DAB9BB000409565 /* 点赞效果图.PNG in Resources */,
				A5923BD21DAB8FEF0019AC45 /* 咻一咻效果图.gif in Resources */,
				A511E2C11DACE79A00C6F020 /* BtnList.plist in Resources */,
				A5923BD31DAB8FEF0019AC45 /* 摇奖效果图.gif in Resources */,
				A5027D3C1CC7591400C54EDE /* LaunchScreen.storyboard in Resources */,
				A5A4639B1DAE227F008AA93B /* CheckViewController.xib in Resources */,
				BDA3D5E81DAA83BF007BC7C3 /* MainViewCell.xib in Resources */,
				A5A463A01DAE27D7008AA93B /* 签到金币音效.mp3 in Resources */,
				A5027D391CC7591400C54EDE /* Assets.xcassets in Resources */,
			);
			runOnlyForDeploymentPostprocessing = 0;
		};
		A5027D401CC7591400C54EDE /* Resources */ = {
			isa = PBXResourcesBuildPhase;
			buildActionMask = 2147483647;
			files = (
			);
			runOnlyForDeploymentPostprocessing = 0;
		};
		A5027D4B1CC7591400C54EDE /* Resources */ = {
			isa = PBXResourcesBuildPhase;
			buildActionMask = 2147483647;
			files = (
			);
			runOnlyForDeploymentPostprocessing = 0;
		};
/* End PBXResourcesBuildPhase section */

/* Begin PBXShellScriptBuildPhase section */
		99576DFB3C195665C1CBE202 /* 📦 Embed Pods Frameworks */ = {
			isa = PBXShellScriptBuildPhase;
			buildActionMask = 2147483647;
			files = (
			);
			inputPaths = (
			);
			name = "📦 Embed Pods Frameworks";
			outputPaths = (
			);
			runOnlyForDeploymentPostprocessing = 0;
			shellPath = /bin/sh;
			shellScript = "\"${SRCROOT}/Pods/Target Support Files/Pods-CCAnimation/Pods-CCAnimation-frameworks.sh\"\n";
			showEnvVarsInLog = 0;
		};
		9A4A7707314B5B81BE971210 /* 📦 Check Pods Manifest.lock */ = {
			isa = PBXShellScriptBuildPhase;
			buildActionMask = 2147483647;
			files = (
			);
			inputPaths = (
			);
			name = "📦 Check Pods Manifest.lock";
			outputPaths = (
			);
			runOnlyForDeploymentPostprocessing = 0;
			shellPath = /bin/sh;
			shellScript = "diff \"${PODS_ROOT}/../Podfile.lock\" \"${PODS_ROOT}/Manifest.lock\" > /dev/null\nif [[ $? != 0 ]] ; then\n    cat << EOM\nerror: The sandbox is not in sync with the Podfile.lock. Run 'pod install' or update your CocoaPods installation.\nEOM\n    exit 1\nfi\n";
			showEnvVarsInLog = 0;
		};
		B5494452C60C022948552B16 /* 📦 Copy Pods Resources */ = {
			isa = PBXShellScriptBuildPhase;
			buildActionMask = 2147483647;
			files = (
			);
			inputPaths = (
			);
			name = "📦 Copy Pods Resources";
			outputPaths = (
			);
			runOnlyForDeploymentPostprocessing = 0;
			shellPath = /bin/sh;
			shellScript = "\"${SRCROOT}/Pods/Target Support Files/Pods-CCAnimationTests/Pods-CCAnimationTests-resources.sh\"\n";
			showEnvVarsInLog = 0;
		};
		D13202464C52B767BC91E6C8 /* 📦 Embed Pods Frameworks */ = {
			isa = PBXShellScriptBuildPhase;
			buildActionMask = 2147483647;
			files = (
			);
			inputPaths = (
			);
			name = "📦 Embed Pods Frameworks";
			outputPaths = (
			);
			runOnlyForDeploymentPostprocessing = 0;
			shellPath = /bin/sh;
			shellScript = "\"${SRCROOT}/Pods/Target Support Files/Pods-CCAnimationTests/Pods-CCAnimationTests-frameworks.sh\"\n";
			showEnvVarsInLog = 0;
		};
		DCD7DC85B1B6DD5960ECFEAB /* 📦 Copy Pods Resources */ = {
			isa = PBXShellScriptBuildPhase;
			buildActionMask = 2147483647;
			files = (
			);
			inputPaths = (
			);
			name = "📦 Copy Pods Resources";
			outputPaths = (
			);
			runOnlyForDeploymentPostprocessing = 0;
			shellPath = /bin/sh;
			shellScript = "\"${SRCROOT}/Pods/Target Support Files/Pods-CCAnimationUITests/Pods-CCAnimationUITests-resources.sh\"\n";
			showEnvVarsInLog = 0;
		};
		DFD0AFB5EDF2731F29FE033F /* 📦 Check Pods Manifest.lock */ = {
			isa = PBXShellScriptBuildPhase;
			buildActionMask = 2147483647;
			files = (
			);
			inputPaths = (
			);
			name = "📦 Check Pods Manifest.lock";
			outputPaths = (
			);
			runOnlyForDeploymentPostprocessing = 0;
			shellPath = /bin/sh;
			shellScript = "diff \"${PODS_ROOT}/../Podfile.lock\" \"${PODS_ROOT}/Manifest.lock\" > /dev/null\nif [[ $? != 0 ]] ; then\n    cat << EOM\nerror: The sandbox is not in sync with the Podfile.lock. Run 'pod install' or update your CocoaPods installation.\nEOM\n    exit 1\nfi\n";
			showEnvVarsInLog = 0;
		};
		F3FC59DA0C7DF8F5DCBCC970 /* 📦 Copy Pods Resources */ = {
			isa = PBXShellScriptBuildPhase;
			buildActionMask = 2147483647;
			files = (
			);
			inputPaths = (
			);
			name = "📦 Copy Pods Resources";
			outputPaths = (
			);
			runOnlyForDeploymentPostprocessing = 0;
			shellPath = /bin/sh;
			shellScript = "\"${SRCROOT}/Pods/Target Support Files/Pods-CCAnimation/Pods-CCAnimation-resources.sh\"\n";
			showEnvVarsInLog = 0;
		};
		FF93B042AD65163F003AE785 /* 📦 Check Pods Manifest.lock */ = {
			isa = PBXShellScriptBuildPhase;
			buildActionMask = 2147483647;
			files = (
			);
			inputPaths = (
			);
			name = "📦 Check Pods Manifest.lock";
			outputPaths = (
			);
			runOnlyForDeploymentPostprocessing = 0;
			shellPath = /bin/sh;
			shellScript = "diff \"${PODS_ROOT}/../Podfile.lock\" \"${PODS_ROOT}/Manifest.lock\" > /dev/null\nif [[ $? != 0 ]] ; then\n    cat << EOM\nerror: The sandbox is not in sync with the Podfile.lock. Run 'pod install' or update your CocoaPods installation.\nEOM\n    exit 1\nfi\n";
			showEnvVarsInLog = 0;
		};
/* End PBXShellScriptBuildPhase section */

/* Begin PBXSourcesBuildPhase section */
		A5027D251CC7591400C54EDE /* Sources */ = {
			isa = PBXSourcesBuildPhase;
			buildActionMask = 2147483647;
			files = (
				A59A72551DAC8AAE0080FBD6 /* FourViewController.m in Sources */,
				A511E2BF1DACE61800C6F020 /* BaseViewController.m in Sources */,
				A5E781711DACC34D0078C8F4 /* UIBarButtonItem+Category.m in Sources */,
				A59A724F1DAC8A910080FBD6 /* SecondViewController.m in Sources */,
				A59A724C1DAC8A850080FBD6 /* FirstViewController.m in Sources */,
				A59A72521DAC8AA40080FBD6 /* ThreeViewController.m in Sources */,
				A5A4639E1DAE2495008AA93B /* CommonTool.m in Sources */,
				BDA3D5E71DAA83BF007BC7C3 /* MainViewCell.m in Sources */,
				A511E2B91DACE40300C6F020 /* RotateAnimationVC.m in Sources */,
				BDA3D5FF1DAA8434007BC7C3 /* AppDelegate.m in Sources */,
				A5027D2E1CC7591400C54EDE /* main.m in Sources */,
				A511E2B31DACE33500C6F020 /* KTOneFingerRotationGestureRecognizer.m in Sources */,
				BDA3D5E91DAA83BF007BC7C3 /* MainViewController.m in Sources */,
				BDA3D5ED1DAA83CA007BC7C3 /* XYXViewController.m in Sources */,
				A511E2BC1DACE46900C6F020 /* BtnModel.m in Sources */,
				A5A4639A1DAE227F008AA93B /* CheckViewController.m in Sources */,
				A511E2B21DACE33500C6F020 /* FTT_Roundview.m in Sources */,
				A59A72491DAC88320080FBD6 /* TabBarController.m in Sources */,
				BDA3D5E01DAA83B3007BC7C3 /* RootViewController.m in Sources */,
				BDA3D5F11DAA83D3007BC7C3 /* LotteryViewController.m in Sources */,
			);
			runOnlyForDeploymentPostprocessing = 0;
		};
		A5027D3E1CC7591400C54EDE /* Sources */ = {
			isa = PBXSourcesBuildPhase;
			buildActionMask = 2147483647;
			files = (
				A5027D471CC7591400C54EDE /* CCAnimationTests.m in Sources */,
			);
			runOnlyForDeploymentPostprocessing = 0;
		};
		A5027D491CC7591400C54EDE /* Sources */ = {
			isa = PBXSourcesBuildPhase;
			buildActionMask = 2147483647;
			files = (
				A5027D521CC7591400C54EDE /* CCAnimationUITests.m in Sources */,
			);
			runOnlyForDeploymentPostprocessing = 0;
		};
/* End PBXSourcesBuildPhase section */

/* Begin PBXTargetDependency section */
		A5027D441CC7591400C54EDE /* PBXTargetDependency */ = {
			isa = PBXTargetDependency;
			target = A5027D281CC7591400C54EDE /* CCAnimation */;
			targetProxy = A5027D431CC7591400C54EDE /* PBXContainerItemProxy */;
		};
		A5027D4F1CC7591400C54EDE /* PBXTargetDependency */ = {
			isa = PBXTargetDependency;
			target = A5027D281CC7591400C54EDE /* CCAnimation */;
			targetProxy = A5027D4E1CC7591400C54EDE /* PBXContainerItemProxy */;
		};
/* End PBXTargetDependency section */

/* Begin PBXVariantGroup section */
		A5027D3A1CC7591400C54EDE /* LaunchScreen.storyboard */ = {
			isa = PBXVariantGroup;
			children = (
				A5027D3B1CC7591400C54EDE /* Base */,
			);
			name = LaunchScreen.storyboard;
			sourceTree = "<group>";
		};
/* End PBXVariantGroup section */

/* Begin XCBuildConfiguration section */
		A5027D541CC7591400C54EDE /* Debug */ = {
			isa = XCBuildConfiguration;
			buildSettings = {
				ALWAYS_SEARCH_USER_PATHS = NO;
				CLANG_ANALYZER_NONNULL = YES;
				CLANG_CXX_LANGUAGE_STANDARD = "gnu++0x";
				CLANG_CXX_LIBRARY = "libc++";
				CLANG_ENABLE_MODULES = YES;
				CLANG_ENABLE_OBJC_ARC = YES;
				CLANG_WARN_BOOL_CONVERSION = YES;
				CLANG_WARN_CONSTANT_CONVERSION = YES;
				CLANG_WARN_DIRECT_OBJC_ISA_USAGE = YES_ERROR;
				CLANG_WARN_EMPTY_BODY = YES;
				CLANG_WARN_ENUM_CONVERSION = YES;
				CLANG_WARN_INT_CONVERSION = YES;
				CLANG_WARN_OBJC_ROOT_CLASS = YES_ERROR;
				CLANG_WARN_UNREACHABLE_CODE = YES;
				CLANG_WARN__DUPLICATE_METHOD_MATCH = YES;
				"CODE_SIGN_IDENTITY[sdk=iphoneos*]" = "iPhone Developer";
				COPY_PHASE_STRIP = NO;
				DEBUG_INFORMATION_FORMAT = dwarf;
				ENABLE_STRICT_OBJC_MSGSEND = YES;
				ENABLE_TESTABILITY = YES;
				GCC_C_LANGUAGE_STANDARD = gnu99;
				GCC_DYNAMIC_NO_PIC = NO;
				GCC_NO_COMMON_BLOCKS = YES;
				GCC_OPTIMIZATION_LEVEL = 0;
				GCC_PREPROCESSOR_DEFINITIONS = (
					"DEBUG=1",
					"$(inherited)",
				);
				GCC_WARN_64_TO_32_BIT_CONVERSION = YES;
				GCC_WARN_ABOUT_RETURN_TYPE = YES_ERROR;
				GCC_WARN_UNDECLARED_SELECTOR = YES;
				GCC_WARN_UNINITIALIZED_AUTOS = YES_AGGRESSIVE;
				GCC_WARN_UNUSED_FUNCTION = YES;
				GCC_WARN_UNUSED_VARIABLE = YES;
				IPHONEOS_DEPLOYMENT_TARGET = 9.3;
				MTL_ENABLE_DEBUG_INFO = YES;
				ONLY_ACTIVE_ARCH = YES;
				SDKROOT = iphoneos;
				TARGETED_DEVICE_FAMILY = "1,2";
			};
			name = Debug;
		};
		A5027D551CC7591400C54EDE /* Release */ = {
			isa = XCBuildConfiguration;
			buildSettings = {
				ALWAYS_SEARCH_USER_PATHS = NO;
				CLANG_ANALYZER_NONNULL = YES;
				CLANG_CXX_LANGUAGE_STANDARD = "gnu++0x";
				CLANG_CXX_LIBRARY = "libc++";
				CLANG_ENABLE_MODULES = YES;
				CLANG_ENABLE_OBJC_ARC = YES;
				CLANG_WARN_BOOL_CONVERSION = YES;
				CLANG_WARN_CONSTANT_CONVERSION = YES;
				CLANG_WARN_DIRECT_OBJC_ISA_USAGE = YES_ERROR;
				CLANG_WARN_EMPTY_BODY = YES;
				CLANG_WARN_ENUM_CONVERSION = YES;
				CLANG_WARN_INT_CONVERSION = YES;
				CLANG_WARN_OBJC_ROOT_CLASS = YES_ERROR;
				CLANG_WARN_UNREACHABLE_CODE = YES;
				CLANG_WARN__DUPLICATE_METHOD_MATCH = YES;
				"CODE_SIGN_IDENTITY[sdk=iphoneos*]" = "iPhone Developer";
				COPY_PHASE_STRIP = NO;
				DEBUG_INFORMATION_FORMAT = "dwarf-with-dsym";
				ENABLE_NS_ASSERTIONS = NO;
				ENABLE_STRICT_OBJC_MSGSEND = YES;
				GCC_C_LANGUAGE_STANDARD = gnu99;
				GCC_NO_COMMON_BLOCKS = YES;
				GCC_WARN_64_TO_32_BIT_CONVERSION = YES;
				GCC_WARN_ABOUT_RETURN_TYPE = YES_ERROR;
				GCC_WARN_UNDECLARED_SELECTOR = YES;
				GCC_WARN_UNINITIALIZED_AUTOS = YES_AGGRESSIVE;
				GCC_WARN_UNUSED_FUNCTION = YES;
				GCC_WARN_UNUSED_VARIABLE = YES;
				IPHONEOS_DEPLOYMENT_TARGET = 9.3;
				MTL_ENABLE_DEBUG_INFO = NO;
				SDKROOT = iphoneos;
				TARGETED_DEVICE_FAMILY = "1,2";
				VALIDATE_PRODUCT = YES;
			};
			name = Release;
		};
		A5027D571CC7591400C54EDE /* Debug */ = {
			isa = XCBuildConfiguration;
			baseConfigurationReference = 76E513E0C9CE7A17F239257F /* Pods-CCAnimation.debug.xcconfig */;
			buildSettings = {
				ASSETCATALOG_COMPILER_APPICON_NAME = AppIcon;
				CODE_SIGN_IDENTITY = "iPhone Developer: Zhang Chao (U9YF328994)";
				DEVELOPMENT_TEAM = PU39U8DFF5;
				GCC_INCREASE_PRECOMPILED_HEADER_SHARING = NO;
				GCC_PRECOMPILE_PREFIX_HEADER = YES;
				GCC_PREFIX_HEADER = "$(SRCROOT)/CCAnimation/PrefixHeader.pch";
				INFOPLIST_FILE = CCAnimation/Info.plist;
				IPHONEOS_DEPLOYMENT_TARGET = 9.0;
				LD_RUNPATH_SEARCH_PATHS = "$(inherited) @executable_path/Frameworks";
				PRODUCT_BUNDLE_IDENTIFIER = com.nbcb.mobilebank.CCAnimation;
				PRODUCT_NAME = "$(TARGET_NAME)";
				PROVISIONING_PROFILE = "71b7b5b1-7f2b-4bfe-9c2f-6a2e16b65fb8";
				PROVISIONING_PROFILE_SPECIFIER = AlexSongDev;
			};
			name = Debug;
		};
		A5027D581CC7591400C54EDE /* Release */ = {
			isa = XCBuildConfiguration;
			baseConfigurationReference = 2C5A853CBEB747BD473C9514 /* Pods-CCAnimation.release.xcconfig */;
			buildSettings = {
				ASSETCATALOG_COMPILER_APPICON_NAME = AppIcon;
				DEVELOPMENT_TEAM = "";
				GCC_INCREASE_PRECOMPILED_HEADER_SHARING = NO;
				GCC_PRECOMPILE_PREFIX_HEADER = YES;
				GCC_PREFIX_HEADER = "$(SRCROOT)/CCAnimation/PrefixHeader.pch";
				INFOPLIST_FILE = CCAnimation/Info.plist;
				IPHONEOS_DEPLOYMENT_TARGET = 9.0;
				LD_RUNPATH_SEARCH_PATHS = "$(inherited) @executable_path/Frameworks";
				PRODUCT_BUNDLE_IDENTIFIER = com.nbcb.mobilebank.CCAnimation;
				PRODUCT_NAME = "$(TARGET_NAME)";
				PROVISIONING_PROFILE_SPECIFIER = AlexSongDev;
			};
			name = Release;
		};
		A5027D5A1CC7591400C54EDE /* Debug */ = {
			isa = XCBuildConfiguration;
			baseConfigurationReference = 50C316235442626424DC0530 /* Pods-CCAnimationTests.debug.xcconfig */;
			buildSettings = {
				BUNDLE_LOADER = "$(TEST_HOST)";
				INFOPLIST_FILE = CCAnimationTests/Info.plist;
				LD_RUNPATH_SEARCH_PATHS = "$(inherited) @executable_path/Frameworks @loader_path/Frameworks";
				PRODUCT_BUNDLE_IDENTIFIER = com.nbcb.mobilebank.CCAnimationTests;
				PRODUCT_NAME = "$(TARGET_NAME)";
				TEST_HOST = "$(BUILT_PRODUCTS_DIR)/CCAnimation.app/CCAnimation";
			};
			name = Debug;
		};
		A5027D5B1CC7591400C54EDE /* Release */ = {
			isa = XCBuildConfiguration;
			baseConfigurationReference = B8BE65A6394791B0003811C9 /* Pods-CCAnimationTests.release.xcconfig */;
			buildSettings = {
				BUNDLE_LOADER = "$(TEST_HOST)";
				INFOPLIST_FILE = CCAnimationTests/Info.plist;
				LD_RUNPATH_SEARCH_PATHS = "$(inherited) @executable_path/Frameworks @loader_path/Frameworks";
				PRODUCT_BUNDLE_IDENTIFIER = com.nbcb.mobilebank.CCAnimationTests;
				PRODUCT_NAME = "$(TARGET_NAME)";
				TEST_HOST = "$(BUILT_PRODUCTS_DIR)/CCAnimation.app/CCAnimation";
			};
			name = Release;
		};
		A5027D5D1CC7591400C54EDE /* Debug */ = {
			isa = XCBuildConfiguration;
			baseConfigurationReference = E5DDF49B5E0DD569E6F978E0 /* Pods-CCAnimationUITests.debug.xcconfig */;
			buildSettings = {
				INFOPLIST_FILE = CCAnimationUITests/Info.plist;
				LD_RUNPATH_SEARCH_PATHS = "$(inherited) @executable_path/Frameworks @loader_path/Frameworks";
				PRODUCT_BUNDLE_IDENTIFIER = com.nbcb.mobilebank.CCAnimationUITests;
				PRODUCT_NAME = "$(TARGET_NAME)";
				TEST_TARGET_NAME = CCAnimation;
			};
			name = Debug;
		};
		A5027D5E1CC7591400C54EDE /* Release */ = {
			isa = XCBuildConfiguration;
			baseConfigurationReference = 335D53FDAA4FC42D8DD806A2 /* Pods-CCAnimationUITests.release.xcconfig */;
			buildSettings = {
				INFOPLIST_FILE = CCAnimationUITests/Info.plist;
				LD_RUNPATH_SEARCH_PATHS = "$(inherited) @executable_path/Frameworks @loader_path/Frameworks";
				PRODUCT_BUNDLE_IDENTIFIER = com.nbcb.mobilebank.CCAnimationUITests;
				PRODUCT_NAME = "$(TARGET_NAME)";
				TEST_TARGET_NAME = CCAnimation;
			};
			name = Release;
		};
/* End XCBuildConfiguration section */

/* Begin XCConfigurationList section */
		A5027D241CC7591400C54EDE /* Build configuration list for PBXProject "CCAnimation" */ = {
			isa = XCConfigurationList;
			buildConfigurations = (
				A5027D541CC7591400C54EDE /* Debug */,
				A5027D551CC7591400C54EDE /* Release */,
			);
			defaultConfigurationIsVisible = 0;
			defaultConfigurationName = Release;
		};
		A5027D561CC7591400C54EDE /* Build configuration list for PBXNativeTarget "CCAnimation" */ = {
			isa = XCConfigurationList;
			buildConfigurations = (
				A5027D571CC7591400C54EDE /* Debug */,
				A5027D581CC7591400C54EDE /* Release */,
			);
			defaultConfigurationIsVisible = 0;
			defaultConfigurationName = Release;
		};
		A5027D591CC7591400C54EDE /* Build configuration list for PBXNativeTarget "CCAnimationTests" */ = {
			isa = XCConfigurationList;
			buildConfigurations = (
				A5027D5A1CC7591400C54EDE /* Debug */,
				A5027D5B1CC7591400C54EDE /* Release */,
			);
			defaultConfigurationIsVisible = 0;
			defaultConfigurationName = Release;
		};
		A5027D5C1CC7591400C54EDE /* Build configuration list for PBXNativeTarget "CCAnimationUITests" */ = {
			isa = XCConfigurationList;
			buildConfigurations = (
				A5027D5D1CC7591400C54EDE /* Debug */,
				A5027D5E1CC7591400C54EDE /* Release */,
			);
			defaultConfigurationIsVisible = 0;
			defaultConfigurationName = Release;
		};
/* End XCConfigurationList section */
	};
	rootObject = A5027D211CC7591400C54EDE /* Project object */;
}
